
Microsoft Visual Studio Solution File, Format Version 12.00
# Visual Studio Version 17
VisualStudioVersion = 17.9.34902.65
MinimumVisualStudioVersion = 10.0.40219.1
Project("{2150E333-8FDC-42A3-9474-1A3956D46DE8}") = "Services", "Services", "{C1772629-E93B-423C-A51A-AE7079758375}"
EndProject
Project("{2150E333-8FDC-42A3-9474-1A3956D46DE8}") = "Catalog", "Catalog", "{39C5785B-CB26-4972-9513-8527614FE747}"
EndProject
Project("{FAE04EC0-301F-11D3-BF4B-00C04F79EFBC}") = "Catalog.API", "Services\Catalog\Catalog.API\Catalog.API.csproj", "{A8843299-2CA4-4679-80C1-EDFA0C857919}"
EndProject
Global
	GlobalSection(SolutionConfigurationPlatforms) = preSolution
		Debug|Any CPU = Debug|Any CPU
		Release|Any CPU = Release|Any CPU
	EndGlobalSection
	GlobalSection(ProjectConfigurationPlatforms) = postSolution
		{A8843299-2CA4-4679-80C1-EDFA0C857919}.Debug|Any CPU.ActiveCfg = Debug|Any CPU
		{A8843299-2CA4-4679-80C1-EDFA0C857919}.Debug|Any CPU.Build.0 = Debug|Any CPU
		{A8843299-2CA4-4679-80C1-EDFA0C857919}.Release|Any CPU.ActiveCfg = Release|Any CPU
		{A8843299-2CA4-4679-80C1-EDFA0C857919}.Release|Any CPU.Build.0 = Release|Any CPU
	EndGlobalSection
	GlobalSection(SolutionProperties) = preSolution
		HideSolutionNode = FALSE
	EndGlobalSection
	GlobalSection(NestedProjects) = preSolution
		{39C5785B-CB26-4972-9513-8527614FE747} = {C1772629-E93B-423C-A51A-AE7079758375}
		{A8843299-2CA4-4679-80C1-EDFA0C857919} = {39C5785B-CB26-4972-9513-8527614FE747}
	EndGlobalSection
	GlobalSection(ExtensibilityGlobals) = postSolution
		SolutionGuid = {EE1737DD-3B88-4752-B7FA-797E3992D999}
	EndGlobalSection
EndGlobal
